
Microsoft Visual Studio Solution File, Format Version 12.00
# Visual Studio 2012
Project("{FAE04EC0-301F-11D3-BF4B-00C04F79EFBC}") = "MuellimlerAIS", "MuellimlerAIS\MuellimlerAIS.csproj", "{6D3EBBAB-1B81-421A-BE65-FE5CD14963C3}"
EndProject
Project("{FAE04EC0-301F-11D3-BF4B-00C04F79EFBC}") = "MuellimlerAIS.VerilenlerStrukturlari", "MuellimlerAIS.VerilenlerStrukturlari\MuellimlerAIS.VerilenlerStrukturlari.csproj", "{67049BAA-629F-4753-A629-B27BFC077B30}"
EndProject
Project("{FAE04EC0-301F-11D3-BF4B-00C04F79EFBC}") = "MuellimlerAIS.Libs", "MuellimlerAIS.Libs\MuellimlerAIS.Libs.csproj", "{428AA18C-4238-450A-A916-B310063EB7B2}"
EndProject
Project("{FAE04EC0-301F-11D3-BF4B-00C04F79EFBC}") = "MuellimlerinTedrisYuku", "MuellimlerinTedrisYuku\MuellimlerinTedrisYuku.csproj", "{896D3205-D1EE-4A6A-9C9E-1FF5D1FA1B09}"
EndProject
Global
	GlobalSection(SolutionConfigurationPlatforms) = preSolution
		Debug|Any CPU = Debug|Any CPU
		Release|Any CPU = Release|Any CPU
	EndGlobalSection
	GlobalSection(ProjectConfigurationPlatforms) = postSolution
		{6D3EBBAB-1B81-421A-BE65-FE5CD14963C3}.Debug|Any CPU.ActiveCfg = Debug|Any CPU
		{6D3EBBAB-1B81-421A-BE65-FE5CD14963C3}.Debug|Any CPU.Build.0 = Debug|Any CPU
		{6D3EBBAB-1B81-421A-BE65-FE5CD14963C3}.Release|Any CPU.ActiveCfg = Release|Any CPU
		{6D3EBBAB-1B81-421A-BE65-FE5CD14963C3}.Release|Any CPU.Build.0 = Release|Any CPU
		{67049BAA-629F-4753-A629-B27BFC077B30}.Debug|Any CPU.ActiveCfg = Debug|Any CPU
		{67049BAA-629F-4753-A629-B27BFC077B30}.Debug|Any CPU.Build.0 = Debug|Any CPU
		{67049BAA-629F-4753-A629-B27BFC077B30}.Release|Any CPU.ActiveCfg = Release|Any CPU
		{67049BAA-629F-4753-A629-B27BFC077B30}.Release|Any CPU.Build.0 = Release|Any CPU
		{428AA18C-4238-450A-A916-B310063EB7B2}.Debug|Any CPU.ActiveCfg = Debug|Any CPU
		{428AA18C-4238-450A-A916-B310063EB7B2}.Debug|Any CPU.Build.0 = Debug|Any CPU
		{428AA18C-4238-450A-A916-B310063EB7B2}.Release|Any CPU.ActiveCfg = Release|Any CPU
		{428AA18C-4238-450A-A916-B310063EB7B2}.Release|Any CPU.Build.0 = Release|Any CPU
		{896D3205-D1EE-4A6A-9C9E-1FF5D1FA1B09}.Debug|Any CPU.ActiveCfg = Debug|Any CPU
		{896D3205-D1EE-4A6A-9C9E-1FF5D1FA1B09}.Debug|Any CPU.Build.0 = Debug|Any CPU
		{896D3205-D1EE-4A6A-9C9E-1FF5D1FA1B09}.Release|Any CPU.ActiveCfg = Release|Any CPU
		{896D3205-D1EE-4A6A-9C9E-1FF5D1FA1B09}.Release|Any CPU.Build.0 = Release|Any CPU
	EndGlobalSection
	GlobalSection(SolutionProperties) = preSolution
		HideSolutionNode = FALSE
	EndGlobalSection
EndGlobal
